// !$*UTF8*$!
{
	archiveVersion = 1;
	classes = {
	};
	objectVersion = 77;
	objects = {

/* Begin PBXBuildFile section */
		79002C0F2E372C4100ACC3BD /* AniImagePlayerView.swift in Sources */ = {isa = PBXBuildFile; fileRef = 79002C0E2E372C4100ACC3BD /* AniImagePlayerView.swift */; };
		79002C122E3737E300ACC3BD /* ZIPFoundation in Frameworks */ = {isa = PBXBuildFile; productRef = 79002C112E3737E300ACC3BD /* ZIPFoundation */; };
		79002C142E37A4BD00ACC3BD /* MediaView.swift in Sources */ = {isa = PBXBuildFile; fileRef = 79002C132E37A4BD00ACC3BD /* MediaView.swift */; };
		79003D102E30D29A00BC4BE3 /* PixivArtistListView.swift in Sources */ = {isa = PBXBuildFile; fileRef = 79003D0F2E30D29A00BC4BE3 /* PixivArtistListView.swift */; };
		79003D122E30D5B300BC4BE3 /* PixivDatabaseManager.swift in Sources */ = {isa = PBXBuildFile; fileRef = 79003D112E30D5B300BC4BE3 /* PixivDatabaseManager.swift */; };
		7928378E2E28BFD90093E179 /* PostCommentView.swift in Sources */ = {isa = PBXBuildFile; fileRef = 7928378D2E28BFD90093E179 /* PostCommentView.swift */; };
		792837922E2923D40093E179 /* CustomPlayerView.swift in Sources */ = {isa = PBXBuildFile; fileRef = 792837912E2923D40093E179 /* CustomPlayerView.swift */; };
		792D1F912E2B4B4300E763E8 /* KemonoImagePointer.swift in Sources */ = {isa = PBXBuildFile; fileRef = 792D1F902E2B4B4300E763E8 /* KemonoImagePointer.swift */; };
		792D1F932E2B509A00E763E8 /* StatusMessageManager.swift in Sources */ = {isa = PBXBuildFile; fileRef = 792D1F922E2B509A00E763E8 /* StatusMessageManager.swift */; };
		792D1F952E2B6B3500E763E8 /* TwitterImagePointer.swift in Sources */ = {isa = PBXBuildFile; fileRef = 792D1F942E2B6B3500E763E8 /* TwitterImagePointer.swift */; };
		793F7AA22E2534AD00B74A77 /* RenamerView.swift in Sources */ = {isa = PBXBuildFile; fileRef = 793F7AA12E2534AD00B74A77 /* RenamerView.swift */; };
		7948904C2E27254900AA96A1 /* ArtistGridItemView.swift in Sources */ = {isa = PBXBuildFile; fileRef = 7948904B2E27254900AA96A1 /* ArtistGridItemView.swift */; };
		7948904E2E279C4100AA96A1 /* LoadingDataView.swift in Sources */ = {isa = PBXBuildFile; fileRef = 7948904D2E279C4100AA96A1 /* LoadingDataView.swift */; };
		794890502E27F10D00AA96A1 /* PostTextContentView.swift in Sources */ = {isa = PBXBuildFile; fileRef = 7948904F2E27F10D00AA96A1 /* PostTextContentView.swift */; };
		7950F0BC2E20A5AD00B57A95 /* SlideShowManager.swift in Sources */ = {isa = PBXBuildFile; fileRef = 7950F0BB2E20A5AD00B57A95 /* SlideShowManager.swift */; };
		7950F0BE2E20A68B00B57A95 /* ContextMenuView.swift in Sources */ = {isa = PBXBuildFile; fileRef = 7950F0BD2E20A68B00B57A95 /* ContextMenuView.swift */; };
		7959EE2B2E10F43B00ACF809 /* SwiftyJSON in Frameworks */ = {isa = PBXBuildFile; productRef = 7959EE2A2E10F43B00ACF809 /* SwiftyJSON */; };
		7959EE362E11104600ACF809 /* KemonoArtistListView.swift in Sources */ = {isa = PBXBuildFile; fileRef = 7959EE352E11104600ACF809 /* KemonoArtistListView.swift */; };
		7973DC192E14451200ECD58D /* PostGridView.swift in Sources */ = {isa = PBXBuildFile; fileRef = 7973DC182E14451200ECD58D /* PostGridView.swift */; };
		7974C51E2E1829B700F8E9DC /* DatabaseManagerExt.swift in Sources */ = {isa = PBXBuildFile; fileRef = 7974C51D2E1829B700F8E9DC /* DatabaseManagerExt.swift */; };
		797E49E22E1125D600C3A3A7 /* PostListView.swift in Sources */ = {isa = PBXBuildFile; fileRef = 797E49E12E1125D600C3A3A7 /* PostListView.swift */; };
		797E4A132E11634700C3A3A7 /* PostImageView.swift in Sources */ = {isa = PBXBuildFile; fileRef = 797E4A122E11634700C3A3A7 /* PostImageView.swift */; };
		797E4A152E11649200C3A3A7 /* PostGridItemView.swift in Sources */ = {isa = PBXBuildFile; fileRef = 797E4A142E11649200C3A3A7 /* PostGridItemView.swift */; };
		797E4A172E118DF700C3A3A7 /* FullScreenImageView.swift in Sources */ = {isa = PBXBuildFile; fileRef = 797E4A162E118DF700C3A3A7 /* FullScreenImageView.swift */; };
		798575692E1EA0D2009B0CDA /* GifImageView.swift in Sources */ = {isa = PBXBuildFile; fileRef = 798575682E1EA0D2009B0CDA /* GifImageView.swift */; };
		7986A10C2E105E1C0008D9EE /* ContentView.swift in Sources */ = {isa = PBXBuildFile; fileRef = 7986A1082E105E1C0008D9EE /* ContentView.swift */; };
		7986A10D2E105E1C0008D9EE /* KemonoViewerApp.swift in Sources */ = {isa = PBXBuildFile; fileRef = 7986A10A2E105E1C0008D9EE /* KemonoViewerApp.swift */; };
		7986A10E2E105E1C0008D9EE /* Assets.xcassets in Resources */ = {isa = PBXBuildFile; fileRef = 7986A1072E105E1C0008D9EE /* Assets.xcassets */; };
		7986A1362E105EE40008D9EE /* KContentSelectView.swift in Sources */ = {isa = PBXBuildFile; fileRef = 7986A1352E105EE40008D9EE /* KContentSelectView.swift */; };
		798F07E72E2F3CEB008434CB /* ScrollToTopBottomButton.swift in Sources */ = {isa = PBXBuildFile; fileRef = 798F07E62E2F3CEB008434CB /* ScrollToTopBottomButton.swift */; };
		79A627B12E15130B001F0212 /* Kingfisher in Frameworks */ = {isa = PBXBuildFile; productRef = 79A627B02E15130B001F0212 /* Kingfisher */; };
		79A627B32E1567D9001F0212 /* PostImageGridItemView.swift in Sources */ = {isa = PBXBuildFile; fileRef = 79A627B22E1567D9001F0212 /* PostImageGridItemView.swift */; };
		79A811A02E2CD8020002D8C9 /* TweetTextContentView.swift in Sources */ = {isa = PBXBuildFile; fileRef = 79A8119F2E2CD8020002D8C9 /* TweetTextContentView.swift */; };
		79A811AA2E2D30790002D8C9 /* TwitterDatabaseManager.swift in Sources */ = {isa = PBXBuildFile; fileRef = 79A811A92E2D30790002D8C9 /* TwitterDatabaseManager.swift */; };
		79AB58222E1FFD990038384E /* VideoPlayerManager.swift in Sources */ = {isa = PBXBuildFile; fileRef = 79AB58212E1FFD990038384E /* VideoPlayerManager.swift */; };
		79B1AED82E3A181600620876 /* PixivTextContentView.swift in Sources */ = {isa = PBXBuildFile; fileRef = 79B1AED72E3A181600620876 /* PixivTextContentView.swift */; };
		79B1AEDB2E3A6F2300620876 /* WrappingHStack in Frameworks */ = {isa = PBXBuildFile; productRef = 79B1AEDA2E3A6F2300620876 /* WrappingHStack */; };
		79B3E8A92E10EEE600567F1D /* KemonoDatabaseManager.swift in Sources */ = {isa = PBXBuildFile; fileRef = 79B3E8A82E10EEE600567F1D /* KemonoDatabaseManager.swift */; };
		79B3E8B52E10F1F800567F1D /* SQLite in Frameworks */ = {isa = PBXBuildFile; productRef = 79B3E8B42E10F1F800567F1D /* SQLite */; };
		79BC81852E366C89006AECEE /* AniImageControlView.swift in Sources */ = {isa = PBXBuildFile; fileRef = 79BC81842E366C89006AECEE /* AniImageControlView.swift */; };
		79CB7BD72E124A9300FA7B77 /* Util.swift in Sources */ = {isa = PBXBuildFile; fileRef = 79CB7BD62E124A9300FA7B77 /* Util.swift */; };
		79D4586B2E387B8500920D5E /* PixivPostGridView.swift in Sources */ = {isa = PBXBuildFile; fileRef = 79D4586A2E387B8500920D5E /* PixivPostGridView.swift */; };
		79D4586D2E38812700920D5E /* PixivPostGridItemView.swift in Sources */ = {isa = PBXBuildFile; fileRef = 79D4586C2E38812700920D5E /* PixivPostGridItemView.swift */; };
		79D81EDE2E3B18D1002EFDE2 /* CommentViewModel.swift in Sources */ = {isa = PBXBuildFile; fileRef = 79D81EDD2E3B18D1002EFDE2 /* CommentViewModel.swift */; };
		79D81EE02E3B3FA6002EFDE2 /* PixivCommentView.swift in Sources */ = {isa = PBXBuildFile; fileRef = 79D81EDF2E3B3FA6002EFDE2 /* PixivCommentView.swift */; };
		79D81EE22E3B625F002EFDE2 /* PixivEmojiTextView.swift in Sources */ = {isa = PBXBuildFile; fileRef = 79D81EE12E3B625F002EFDE2 /* PixivEmojiTextView.swift */; };
		79DE3AAB2E268D670018412B /* KemonoArtistRichListView.swift in Sources */ = {isa = PBXBuildFile; fileRef = 79DE3AAA2E268D670018412B /* KemonoArtistRichListView.swift */; };
		79E04C852E167470002932DF /* ResizableView.swift in Sources */ = {isa = PBXBuildFile; fileRef = 79E04C842E167470002932DF /* ResizableView.swift */; };
		79E2E4CB2E33225500D2F375 /* PixivPostImageView.swift in Sources */ = {isa = PBXBuildFile; fileRef = 79E2E4CA2E33225500D2F375 /* PixivPostImageView.swift */; };
		79E2E4CD2E332B2D00D2F375 /* PixivPostImageGridItemView.swift in Sources */ = {isa = PBXBuildFile; fileRef = 79E2E4CC2E332B2D00D2F375 /* PixivPostImageGridItemView.swift */; };
		79E513C62E2E8CFB00A550DC /* QueryConfig.swift in Sources */ = {isa = PBXBuildFile; fileRef = 79E513C52E2E8CFB00A550DC /* QueryConfig.swift */; };
		79F502272E2A1DA6005C682D /* TwitterContentView.swift in Sources */ = {isa = PBXBuildFile; fileRef = 79F502262E2A1DA6005C682D /* TwitterContentView.swift */; };
		79F502292E2A4E99005C682D /* TwitterArtistListView.swift in Sources */ = {isa = PBXBuildFile; fileRef = 79F502282E2A4E99005C682D /* TwitterArtistListView.swift */; };
		79F5022B2E2A757F005C682D /* TweetImageView.swift in Sources */ = {isa = PBXBuildFile; fileRef = 79F5022A2E2A757F005C682D /* TweetImageView.swift */; };
		79F5022E2E2A918B005C682D /* PixivContentView.swift in Sources */ = {isa = PBXBuildFile; fileRef = 79F5022D2E2A918B005C682D /* PixivContentView.swift */; };
		79F502302E2A9F38005C682D /* TwitterFullScreenImageView.swift in Sources */ = {isa = PBXBuildFile; fileRef = 79F5022F2E2A9F38005C682D /* TwitterFullScreenImageView.swift */; };
		79F6896E2E34DFE60045370B /* PixivFullScreenImageView.swift in Sources */ = {isa = PBXBuildFile; fileRef = 79F6896D2E34DFE60045370B /* PixivFullScreenImageView.swift */; };
		79F689702E34E0360045370B /* PixivImagePointer.swift in Sources */ = {isa = PBXBuildFile; fileRef = 79F6896F2E34E0360045370B /* PixivImagePointer.swift */; };
		79FB9BCF2E3261290076C74A /* PixivRichListView.swift in Sources */ = {isa = PBXBuildFile; fileRef = 79FB9BCE2E3261290076C74A /* PixivRichListView.swift */; };
		79FB9BD12E3262560076C74A /* PixivArtistGridItemView.swift in Sources */ = {isa = PBXBuildFile; fileRef = 79FB9BD02E3262560076C74A /* PixivArtistGridItemView.swift */; };
		79FB9BD32E328CF70076C74A /* PixivPostListView.swift in Sources */ = {isa = PBXBuildFile; fileRef = 79FB9BD22E328CF70076C74A /* PixivPostListView.swift */; };
/* End PBXBuildFile section */

/* Begin PBXContainerItemProxy section */
		7986A0CE2E105BBC0008D9EE /* PBXContainerItemProxy */ = {
			isa = PBXContainerItemProxy;
			containerPortal = 7986A0B72E105BBB0008D9EE /* Project object */;
			proxyType = 1;
			remoteGlobalIDString = 7986A0BE2E105BBB0008D9EE;
			remoteInfo = KemonoViewer;
		};
		7986A0D82E105BBC0008D9EE /* PBXContainerItemProxy */ = {
			isa = PBXContainerItemProxy;
			containerPortal = 7986A0B72E105BBB0008D9EE /* Project object */;
			proxyType = 1;
			remoteGlobalIDString = 7986A0BE2E105BBB0008D9EE;
			remoteInfo = KemonoViewer;
		};
/* End PBXContainerItemProxy section */

/* Begin PBXFileReference section */
		79002C0E2E372C4100ACC3BD /* AniImagePlayerView.swift */ = {isa = PBXFileReference; lastKnownFileType = sourcecode.swift; path = AniImagePlayerView.swift; sourceTree = "<group>"; };
		79002C132E37A4BD00ACC3BD /* MediaView.swift */ = {isa = PBXFileReference; lastKnownFileType = sourcecode.swift; path = MediaView.swift; sourceTree = "<group>"; };
		79003D0F2E30D29A00BC4BE3 /* PixivArtistListView.swift */ = {isa = PBXFileReference; lastKnownFileType = sourcecode.swift; path = PixivArtistListView.swift; sourceTree = "<group>"; };
		79003D112E30D5B300BC4BE3 /* PixivDatabaseManager.swift */ = {isa = PBXFileReference; lastKnownFileType = sourcecode.swift; path = PixivDatabaseManager.swift; sourceTree = "<group>"; };
		7928378D2E28BFD90093E179 /* PostCommentView.swift */ = {isa = PBXFileReference; lastKnownFileType = sourcecode.swift; path = PostCommentView.swift; sourceTree = "<group>"; };
		792837912E2923D40093E179 /* CustomPlayerView.swift */ = {isa = PBXFileReference; lastKnownFileType = sourcecode.swift; path = CustomPlayerView.swift; sourceTree = "<group>"; };
		792D1F902E2B4B4300E763E8 /* KemonoImagePointer.swift */ = {isa = PBXFileReference; lastKnownFileType = sourcecode.swift; path = KemonoImagePointer.swift; sourceTree = "<group>"; };
		792D1F922E2B509A00E763E8 /* StatusMessageManager.swift */ = {isa = PBXFileReference; lastKnownFileType = sourcecode.swift; path = StatusMessageManager.swift; sourceTree = "<group>"; };
		792D1F942E2B6B3500E763E8 /* TwitterImagePointer.swift */ = {isa = PBXFileReference; lastKnownFileType = sourcecode.swift; path = TwitterImagePointer.swift; sourceTree = "<group>"; };
		793F7AA12E2534AD00B74A77 /* RenamerView.swift */ = {isa = PBXFileReference; lastKnownFileType = sourcecode.swift; path = RenamerView.swift; sourceTree = "<group>"; };
		7948904B2E27254900AA96A1 /* ArtistGridItemView.swift */ = {isa = PBXFileReference; lastKnownFileType = sourcecode.swift; path = ArtistGridItemView.swift; sourceTree = "<group>"; };
		7948904D2E279C4100AA96A1 /* LoadingDataView.swift */ = {isa = PBXFileReference; lastKnownFileType = sourcecode.swift; path = LoadingDataView.swift; sourceTree = "<group>"; };
		7948904F2E27F10D00AA96A1 /* PostTextContentView.swift */ = {isa = PBXFileReference; lastKnownFileType = sourcecode.swift; path = PostTextContentView.swift; sourceTree = "<group>"; };
		7950F0BB2E20A5AD00B57A95 /* SlideShowManager.swift */ = {isa = PBXFileReference; lastKnownFileType = sourcecode.swift; path = SlideShowManager.swift; sourceTree = "<group>"; };
		7950F0BD2E20A68B00B57A95 /* ContextMenuView.swift */ = {isa = PBXFileReference; lastKnownFileType = sourcecode.swift; path = ContextMenuView.swift; sourceTree = "<group>"; };
		7959EE352E11104600ACF809 /* KemonoArtistListView.swift */ = {isa = PBXFileReference; lastKnownFileType = sourcecode.swift; path = KemonoArtistListView.swift; sourceTree = "<group>"; };
		7973DC182E14451200ECD58D /* PostGridView.swift */ = {isa = PBXFileReference; lastKnownFileType = sourcecode.swift; path = PostGridView.swift; sourceTree = "<group>"; };
		7974C51D2E1829B700F8E9DC /* DatabaseManagerExt.swift */ = {isa = PBXFileReference; lastKnownFileType = sourcecode.swift; path = DatabaseManagerExt.swift; sourceTree = "<group>"; };
		797E49E12E1125D600C3A3A7 /* PostListView.swift */ = {isa = PBXFileReference; lastKnownFileType = sourcecode.swift; path = PostListView.swift; sourceTree = "<group>"; };
		797E4A122E11634700C3A3A7 /* PostImageView.swift */ = {isa = PBXFileReference; lastKnownFileType = sourcecode.swift; path = PostImageView.swift; sourceTree = "<group>"; };
		797E4A142E11649200C3A3A7 /* PostGridItemView.swift */ = {isa = PBXFileReference; lastKnownFileType = sourcecode.swift; path = PostGridItemView.swift; sourceTree = "<group>"; };
		797E4A162E118DF700C3A3A7 /* FullScreenImageView.swift */ = {isa = PBXFileReference; lastKnownFileType = sourcecode.swift; path = FullScreenImageView.swift; sourceTree = "<group>"; };
		798575682E1EA0D2009B0CDA /* GifImageView.swift */ = {isa = PBXFileReference; lastKnownFileType = sourcecode.swift; path = GifImageView.swift; sourceTree = "<group>"; };
		7986A0BF2E105BBB0008D9EE /* KemonoViewer.app */ = {isa = PBXFileReference; explicitFileType = wrapper.application; includeInIndex = 0; path = KemonoViewer.app; sourceTree = BUILT_PRODUCTS_DIR; };
		7986A0CD2E105BBC0008D9EE /* KemonoViewerTests.xctest */ = {isa = PBXFileReference; explicitFileType = wrapper.cfbundle; includeInIndex = 0; path = KemonoViewerTests.xctest; sourceTree = BUILT_PRODUCTS_DIR; };
		7986A0D72E105BBC0008D9EE /* KemonoViewerUITests.xctest */ = {isa = PBXFileReference; explicitFileType = wrapper.cfbundle; includeInIndex = 0; path = KemonoViewerUITests.xctest; sourceTree = BUILT_PRODUCTS_DIR; };
		7986A1072E105E1C0008D9EE /* Assets.xcassets */ = {isa = PBXFileReference; lastKnownFileType = folder.assetcatalog; path = Assets.xcassets; sourceTree = "<group>"; };
		7986A1082E105E1C0008D9EE /* ContentView.swift */ = {isa = PBXFileReference; lastKnownFileType = sourcecode.swift; path = ContentView.swift; sourceTree = "<group>"; };
		7986A1092E105E1C0008D9EE /* KemonoViewer.entitlements */ = {isa = PBXFileReference; lastKnownFileType = text.plist.entitlements; path = KemonoViewer.entitlements; sourceTree = "<group>"; };
		7986A10A2E105E1C0008D9EE /* KemonoViewerApp.swift */ = {isa = PBXFileReference; lastKnownFileType = sourcecode.swift; path = KemonoViewerApp.swift; sourceTree = "<group>"; };
		7986A1352E105EE40008D9EE /* KContentSelectView.swift */ = {isa = PBXFileReference; lastKnownFileType = sourcecode.swift; path = KContentSelectView.swift; sourceTree = "<group>"; };
		798F07E62E2F3CEB008434CB /* ScrollToTopBottomButton.swift */ = {isa = PBXFileReference; lastKnownFileType = sourcecode.swift; path = ScrollToTopBottomButton.swift; sourceTree = "<group>"; };
		79A627B22E1567D9001F0212 /* PostImageGridItemView.swift */ = {isa = PBXFileReference; lastKnownFileType = sourcecode.swift; path = PostImageGridItemView.swift; sourceTree = "<group>"; };
		79A8119F2E2CD8020002D8C9 /* TweetTextContentView.swift */ = {isa = PBXFileReference; lastKnownFileType = sourcecode.swift; path = TweetTextContentView.swift; sourceTree = "<group>"; };
		79A811A92E2D30790002D8C9 /* TwitterDatabaseManager.swift */ = {isa = PBXFileReference; lastKnownFileType = sourcecode.swift; path = TwitterDatabaseManager.swift; sourceTree = "<group>"; };
		79AB58212E1FFD990038384E /* VideoPlayerManager.swift */ = {isa = PBXFileReference; lastKnownFileType = sourcecode.swift; path = VideoPlayerManager.swift; sourceTree = "<group>"; };
		79B1AED72E3A181600620876 /* PixivTextContentView.swift */ = {isa = PBXFileReference; lastKnownFileType = sourcecode.swift; path = PixivTextContentView.swift; sourceTree = "<group>"; };
		79B3E8A82E10EEE600567F1D /* KemonoDatabaseManager.swift */ = {isa = PBXFileReference; lastKnownFileType = sourcecode.swift; path = KemonoDatabaseManager.swift; sourceTree = "<group>"; };
		79BC81842E366C89006AECEE /* AniImageControlView.swift */ = {isa = PBXFileReference; lastKnownFileType = sourcecode.swift; path = AniImageControlView.swift; sourceTree = "<group>"; };
		79CB7BD62E124A9300FA7B77 /* Util.swift */ = {isa = PBXFileReference; lastKnownFileType = sourcecode.swift; path = Util.swift; sourceTree = "<group>"; };
		79D4586A2E387B8500920D5E /* PixivPostGridView.swift */ = {isa = PBXFileReference; lastKnownFileType = sourcecode.swift; path = PixivPostGridView.swift; sourceTree = "<group>"; };
		79D4586C2E38812700920D5E /* PixivPostGridItemView.swift */ = {isa = PBXFileReference; lastKnownFileType = sourcecode.swift; path = PixivPostGridItemView.swift; sourceTree = "<group>"; };
		79D81EDD2E3B18D1002EFDE2 /* CommentViewModel.swift */ = {isa = PBXFileReference; lastKnownFileType = sourcecode.swift; path = CommentViewModel.swift; sourceTree = "<group>"; };
		79D81EDF2E3B3FA6002EFDE2 /* PixivCommentView.swift */ = {isa = PBXFileReference; lastKnownFileType = sourcecode.swift; path = PixivCommentView.swift; sourceTree = "<group>"; };
		79D81EE12E3B625F002EFDE2 /* PixivEmojiTextView.swift */ = {isa = PBXFileReference; lastKnownFileType = sourcecode.swift; path = PixivEmojiTextView.swift; sourceTree = "<group>"; };
		79DE3AAA2E268D670018412B /* KemonoArtistRichListView.swift */ = {isa = PBXFileReference; lastKnownFileType = sourcecode.swift; path = KemonoArtistRichListView.swift; sourceTree = "<group>"; };
		79E04C842E167470002932DF /* ResizableView.swift */ = {isa = PBXFileReference; lastKnownFileType = sourcecode.swift; path = ResizableView.swift; sourceTree = "<group>"; };
		79E2E4CA2E33225500D2F375 /* PixivPostImageView.swift */ = {isa = PBXFileReference; lastKnownFileType = sourcecode.swift; path = PixivPostImageView.swift; sourceTree = "<group>"; };
		79E2E4CC2E332B2D00D2F375 /* PixivPostImageGridItemView.swift */ = {isa = PBXFileReference; lastKnownFileType = sourcecode.swift; path = PixivPostImageGridItemView.swift; sourceTree = "<group>"; };
		79E513C52E2E8CFB00A550DC /* QueryConfig.swift */ = {isa = PBXFileReference; lastKnownFileType = sourcecode.swift; path = QueryConfig.swift; sourceTree = "<group>"; };
		79F502262E2A1DA6005C682D /* TwitterContentView.swift */ = {isa = PBXFileReference; lastKnownFileType = sourcecode.swift; path = TwitterContentView.swift; sourceTree = "<group>"; };
		79F502282E2A4E99005C682D /* TwitterArtistListView.swift */ = {isa = PBXFileReference; lastKnownFileType = sourcecode.swift; path = TwitterArtistListView.swift; sourceTree = "<group>"; };
		79F5022A2E2A757F005C682D /* TweetImageView.swift */ = {isa = PBXFileReference; lastKnownFileType = sourcecode.swift; path = TweetImageView.swift; sourceTree = "<group>"; };
		79F5022D2E2A918B005C682D /* PixivContentView.swift */ = {isa = PBXFileReference; lastKnownFileType = sourcecode.swift; path = PixivContentView.swift; sourceTree = "<group>"; };
		79F5022F2E2A9F38005C682D /* TwitterFullScreenImageView.swift */ = {isa = PBXFileReference; lastKnownFileType = sourcecode.swift; path = TwitterFullScreenImageView.swift; sourceTree = "<group>"; };
		79F6896D2E34DFE60045370B /* PixivFullScreenImageView.swift */ = {isa = PBXFileReference; lastKnownFileType = sourcecode.swift; path = PixivFullScreenImageView.swift; sourceTree = "<group>"; };
		79F6896F2E34E0360045370B /* PixivImagePointer.swift */ = {isa = PBXFileReference; lastKnownFileType = sourcecode.swift; path = PixivImagePointer.swift; sourceTree = "<group>"; };
		79FB9BCE2E3261290076C74A /* PixivRichListView.swift */ = {isa = PBXFileReference; lastKnownFileType = sourcecode.swift; path = PixivRichListView.swift; sourceTree = "<group>"; };
		79FB9BD02E3262560076C74A /* PixivArtistGridItemView.swift */ = {isa = PBXFileReference; lastKnownFileType = sourcecode.swift; path = PixivArtistGridItemView.swift; sourceTree = "<group>"; };
		79FB9BD22E328CF70076C74A /* PixivPostListView.swift */ = {isa = PBXFileReference; lastKnownFileType = sourcecode.swift; path = PixivPostListView.swift; sourceTree = "<group>"; };
/* End PBXFileReference section */

/* Begin PBXFileSystemSynchronizedRootGroup section */
		7986A0D02E105BBC0008D9EE /* KemonoViewerTests */ = {
			isa = PBXFileSystemSynchronizedRootGroup;
			path = KemonoViewerTests;
			sourceTree = "<group>";
		};
		7986A0DA2E105BBC0008D9EE /* KemonoViewerUITests */ = {
			isa = PBXFileSystemSynchronizedRootGroup;
			path = KemonoViewerUITests;
			sourceTree = "<group>";
		};
/* End PBXFileSystemSynchronizedRootGroup section */

/* Begin PBXFrameworksBuildPhase section */
		7986A0BC2E105BBB0008D9EE /* Frameworks */ = {
			isa = PBXFrameworksBuildPhase;
			buildActionMask = 2147483647;
			files = (
				79A627B12E15130B001F0212 /* Kingfisher in Frameworks */,
				7959EE2B2E10F43B00ACF809 /* SwiftyJSON in Frameworks */,
				79B3E8B52E10F1F800567F1D /* SQLite in Frameworks */,
				79002C122E3737E300ACC3BD /* ZIPFoundation in Frameworks */,
				79B1AEDB2E3A6F2300620876 /* WrappingHStack in Frameworks */,
			);
			runOnlyForDeploymentPostprocessing = 0;
		};
		7986A0CA2E105BBC0008D9EE /* Frameworks */ = {
			isa = PBXFrameworksBuildPhase;
			buildActionMask = 2147483647;
			files = (
			);
			runOnlyForDeploymentPostprocessing = 0;
		};
		7986A0D42E105BBC0008D9EE /* Frameworks */ = {
			isa = PBXFrameworksBuildPhase;
			buildActionMask = 2147483647;
			files = (
			);
			runOnlyForDeploymentPostprocessing = 0;
		};
/* End PBXFrameworksBuildPhase section */

/* Begin PBXGroup section */
		793F7A9E2E25346600B74A77 /* Renamer */ = {
			isa = PBXGroup;
			children = (
				793F7AA12E2534AD00B74A77 /* RenamerView.swift */,
			);
			path = Renamer;
			sourceTree = "<group>";
		};
		7986A0B62E105BBB0008D9EE = {
			isa = PBXGroup;
			children = (
				7986A10B2E105E1C0008D9EE /* KemonoViewer */,
				7986A0D02E105BBC0008D9EE /* KemonoViewerTests */,
				7986A0DA2E105BBC0008D9EE /* KemonoViewerUITests */,
				7986A0C02E105BBB0008D9EE /* Products */,
			);
			sourceTree = "<group>";
		};
		7986A0C02E105BBB0008D9EE /* Products */ = {
			isa = PBXGroup;
			children = (
				7986A0BF2E105BBB0008D9EE /* KemonoViewer.app */,
				7986A0CD2E105BBC0008D9EE /* KemonoViewerTests.xctest */,
				7986A0D72E105BBC0008D9EE /* KemonoViewerUITests.xctest */,
			);
			name = Products;
			sourceTree = "<group>";
		};
		7986A10B2E105E1C0008D9EE /* KemonoViewer */ = {
			isa = PBXGroup;
			children = (
				798F07E82E2F700E008434CB /* Kemono */,
				79F5022C2E2A917A005C682D /* Pixiv */,
				79F502232E2A1D7C005C682D /* Twitter */,
				793F7A9E2E25346600B74A77 /* Renamer */,
				79B3E8A72E10EED400567F1D /* Model */,
				7986A1072E105E1C0008D9EE /* Assets.xcassets */,
				7986A1092E105E1C0008D9EE /* KemonoViewer.entitlements */,
				7986A1082E105E1C0008D9EE /* ContentView.swift */,
				798F07E62E2F3CEB008434CB /* ScrollToTopBottomButton.swift */,
				798575682E1EA0D2009B0CDA /* GifImageView.swift */,
				79E04C842E167470002932DF /* ResizableView.swift */,
				792837912E2923D40093E179 /* CustomPlayerView.swift */,
				7950F0BD2E20A68B00B57A95 /* ContextMenuView.swift */,
				7948904D2E279C4100AA96A1 /* LoadingDataView.swift */,
				79BC81842E366C89006AECEE /* AniImageControlView.swift */,
				79002C0E2E372C4100ACC3BD /* AniImagePlayerView.swift */,
				79002C132E37A4BD00ACC3BD /* MediaView.swift */,
				7986A10A2E105E1C0008D9EE /* KemonoViewerApp.swift */,
			);
			path = KemonoViewer;
			sourceTree = "<group>";
		};
		798F07E82E2F700E008434CB /* Kemono */ = {
			isa = PBXGroup;
			children = (
				7986A1352E105EE40008D9EE /* KContentSelectView.swift */,
				7959EE352E11104600ACF809 /* KemonoArtistListView.swift */,
				79DE3AAA2E268D670018412B /* KemonoArtistRichListView.swift */,
				7948904B2E27254900AA96A1 /* ArtistGridItemView.swift */,
				797E49E12E1125D600C3A3A7 /* PostListView.swift */,
				7973DC182E14451200ECD58D /* PostGridView.swift */,
				797E4A142E11649200C3A3A7 /* PostGridItemView.swift */,
				797E4A122E11634700C3A3A7 /* PostImageView.swift */,
				79A627B22E1567D9001F0212 /* PostImageGridItemView.swift */,
				797E4A162E118DF700C3A3A7 /* FullScreenImageView.swift */,
				7928378D2E28BFD90093E179 /* PostCommentView.swift */,
				7948904F2E27F10D00AA96A1 /* PostTextContentView.swift */,
			);
			path = Kemono;
			sourceTree = "<group>";
		};
		79B3E8A72E10EED400567F1D /* Model */ = {
			isa = PBXGroup;
			children = (
				79B3E8A82E10EEE600567F1D /* KemonoDatabaseManager.swift */,
				792D1F902E2B4B4300E763E8 /* KemonoImagePointer.swift */,
				79A811A92E2D30790002D8C9 /* TwitterDatabaseManager.swift */,
				792D1F942E2B6B3500E763E8 /* TwitterImagePointer.swift */,
				79003D112E30D5B300BC4BE3 /* PixivDatabaseManager.swift */,
				79F6896F2E34E0360045370B /* PixivImagePointer.swift */,
				79D81EDD2E3B18D1002EFDE2 /* CommentViewModel.swift */,
				7974C51D2E1829B700F8E9DC /* DatabaseManagerExt.swift */,
				79CB7BD62E124A9300FA7B77 /* Util.swift */,
				792D1F922E2B509A00E763E8 /* StatusMessageManager.swift */,
				79AB58212E1FFD990038384E /* VideoPlayerManager.swift */,
				7950F0BB2E20A5AD00B57A95 /* SlideShowManager.swift */,
				79E513C52E2E8CFB00A550DC /* QueryConfig.swift */,
			);
			path = Model;
			sourceTree = "<group>";
		};
		79F502232E2A1D7C005C682D /* Twitter */ = {
			isa = PBXGroup;
			children = (
				79F502262E2A1DA6005C682D /* TwitterContentView.swift */,
				79F502282E2A4E99005C682D /* TwitterArtistListView.swift */,
				79F5022A2E2A757F005C682D /* TweetImageView.swift */,
				79F5022F2E2A9F38005C682D /* TwitterFullScreenImageView.swift */,
				79A8119F2E2CD8020002D8C9 /* TweetTextContentView.swift */,
			);
			path = Twitter;
			sourceTree = "<group>";
		};
		79F5022C2E2A917A005C682D /* Pixiv */ = {
			isa = PBXGroup;
			children = (
				79F5022D2E2A918B005C682D /* PixivContentView.swift */,
				79003D0F2E30D29A00BC4BE3 /* PixivArtistListView.swift */,
				79FB9BCE2E3261290076C74A /* PixivRichListView.swift */,
				79FB9BD02E3262560076C74A /* PixivArtistGridItemView.swift */,
				79FB9BD22E328CF70076C74A /* PixivPostListView.swift */,
				79D4586A2E387B8500920D5E /* PixivPostGridView.swift */,
				79D4586C2E38812700920D5E /* PixivPostGridItemView.swift */,
				79E2E4CA2E33225500D2F375 /* PixivPostImageView.swift */,
				79E2E4CC2E332B2D00D2F375 /* PixivPostImageGridItemView.swift */,
				79F6896D2E34DFE60045370B /* PixivFullScreenImageView.swift */,
				79B1AED72E3A181600620876 /* PixivTextContentView.swift */,
				79D81EDF2E3B3FA6002EFDE2 /* PixivCommentView.swift */,
				79D81EE12E3B625F002EFDE2 /* PixivEmojiTextView.swift */,
			);
			path = Pixiv;
			sourceTree = "<group>";
		};
/* End PBXGroup section */

/* Begin PBXNativeTarget section */
		7986A0BE2E105BBB0008D9EE /* KemonoViewer */ = {
			isa = PBXNativeTarget;
			buildConfigurationList = 7986A0E12E105BBC0008D9EE /* Build configuration list for PBXNativeTarget "KemonoViewer" */;
			buildPhases = (
				7986A0BB2E105BBB0008D9EE /* Sources */,
				7986A0BC2E105BBB0008D9EE /* Frameworks */,
				7986A0BD2E105BBB0008D9EE /* Resources */,
			);
			buildRules = (
			);
			dependencies = (
			);
			name = KemonoViewer;
			packageProductDependencies = (
				79B3E8B42E10F1F800567F1D /* SQLite */,
				7959EE2A2E10F43B00ACF809 /* SwiftyJSON */,
				79A627B02E15130B001F0212 /* Kingfisher */,
				79002C112E3737E300ACC3BD /* ZIPFoundation */,
				79B1AEDA2E3A6F2300620876 /* WrappingHStack */,
			);
			productName = KemonoViewer;
			productReference = 7986A0BF2E105BBB0008D9EE /* KemonoViewer.app */;
			productType = "com.apple.product-type.application";
		};
		7986A0CC2E105BBC0008D9EE /* KemonoViewerTests */ = {
			isa = PBXNativeTarget;
			buildConfigurationList = 7986A0E42E105BBC0008D9EE /* Build configuration list for PBXNativeTarget "KemonoViewerTests" */;
			buildPhases = (
				7986A0C92E105BBC0008D9EE /* Sources */,
				7986A0CA2E105BBC0008D9EE /* Frameworks */,
				7986A0CB2E105BBC0008D9EE /* Resources */,
			);
			buildRules = (
			);
			dependencies = (
				7986A0CF2E105BBC0008D9EE /* PBXTargetDependency */,
			);
			fileSystemSynchronizedGroups = (
				7986A0D02E105BBC0008D9EE /* KemonoViewerTests */,
			);
			name = KemonoViewerTests;
			packageProductDependencies = (
			);
			productName = KemonoViewerTests;
			productReference = 7986A0CD2E105BBC0008D9EE /* KemonoViewerTests.xctest */;
			productType = "com.apple.product-type.bundle.unit-test";
		};
		7986A0D62E105BBC0008D9EE /* KemonoViewerUITests */ = {
			isa = PBXNativeTarget;
			buildConfigurationList = 7986A0E72E105BBC0008D9EE /* Build configuration list for PBXNativeTarget "KemonoViewerUITests" */;
			buildPhases = (
				7986A0D32E105BBC0008D9EE /* Sources */,
				7986A0D42E105BBC0008D9EE /* Frameworks */,
				7986A0D52E105BBC0008D9EE /* Resources */,
			);
			buildRules = (
			);
			dependencies = (
				7986A0D92E105BBC0008D9EE /* PBXTargetDependency */,
			);
			fileSystemSynchronizedGroups = (
				7986A0DA2E105BBC0008D9EE /* KemonoViewerUITests */,
			);
			name = KemonoViewerUITests;
			packageProductDependencies = (
			);
			productName = KemonoViewerUITests;
			productReference = 7986A0D72E105BBC0008D9EE /* KemonoViewerUITests.xctest */;
			productType = "com.apple.product-type.bundle.ui-testing";
		};
/* End PBXNativeTarget section */

/* Begin PBXProject section */
		7986A0B72E105BBB0008D9EE /* Project object */ = {
			isa = PBXProject;
			attributes = {
				BuildIndependentTargetsInParallel = 1;
				LastSwiftUpdateCheck = 1640;
				LastUpgradeCheck = 1640;
				TargetAttributes = {
					7986A0BE2E105BBB0008D9EE = {
						CreatedOnToolsVersion = 16.4;
					};
					7986A0CC2E105BBC0008D9EE = {
						CreatedOnToolsVersion = 16.4;
						TestTargetID = 7986A0BE2E105BBB0008D9EE;
					};
					7986A0D62E105BBC0008D9EE = {
						CreatedOnToolsVersion = 16.4;
						TestTargetID = 7986A0BE2E105BBB0008D9EE;
					};
				};
			};
			buildConfigurationList = 7986A0BA2E105BBB0008D9EE /* Build configuration list for PBXProject "KemonoViewer" */;
			developmentRegion = en;
			hasScannedForEncodings = 0;
			knownRegions = (
				en,
				Base,
			);
			mainGroup = 7986A0B62E105BBB0008D9EE;
			minimizedProjectReferenceProxies = 1;
			packageReferences = (
				79B3E8B32E10F1F800567F1D /* XCRemoteSwiftPackageReference "SQLite.swift" */,
				7959EE292E10F43B00ACF809 /* XCRemoteSwiftPackageReference "SwiftyJSON" */,
				79A627AF2E15130B001F0212 /* XCRemoteSwiftPackageReference "Kingfisher" */,
				79002C102E3737E300ACC3BD /* XCRemoteSwiftPackageReference "ZIPFoundation" */,
				79B1AED92E3A6F2300620876 /* XCRemoteSwiftPackageReference "WrappingHStack" */,
			);
			preferredProjectObjectVersion = 77;
			productRefGroup = 7986A0C02E105BBB0008D9EE /* Products */;
			projectDirPath = "";
			projectRoot = "";
			targets = (
				7986A0BE2E105BBB0008D9EE /* KemonoViewer */,
				7986A0CC2E105BBC0008D9EE /* KemonoViewerTests */,
				7986A0D62E105BBC0008D9EE /* KemonoViewerUITests */,
			);
		};
/* End PBXProject section */

/* Begin PBXResourcesBuildPhase section */
		7986A0BD2E105BBB0008D9EE /* Resources */ = {
			isa = PBXResourcesBuildPhase;
			buildActionMask = 2147483647;
			files = (
				7986A10E2E105E1C0008D9EE /* Assets.xcassets in Resources */,
			);
			runOnlyForDeploymentPostprocessing = 0;
		};
		7986A0CB2E105BBC0008D9EE /* Resources */ = {
			isa = PBXResourcesBuildPhase;
			buildActionMask = 2147483647;
			files = (
			);
			runOnlyForDeploymentPostprocessing = 0;
		};
		7986A0D52E105BBC0008D9EE /* Resources */ = {
			isa = PBXResourcesBuildPhase;
			buildActionMask = 2147483647;
			files = (
			);
			runOnlyForDeploymentPostprocessing = 0;
		};
/* End PBXResourcesBuildPhase section */

/* Begin PBXSourcesBuildPhase section */
		7986A0BB2E105BBB0008D9EE /* Sources */ = {
			isa = PBXSourcesBuildPhase;
			buildActionMask = 2147483647;
			files = (
				79002C142E37A4BD00ACC3BD /* MediaView.swift in Sources */,
				792D1F952E2B6B3500E763E8 /* TwitterImagePointer.swift in Sources */,
				79E2E4CB2E33225500D2F375 /* PixivPostImageView.swift in Sources */,
				79FB9BD12E3262560076C74A /* PixivArtistGridItemView.swift in Sources */,
				7974C51E2E1829B700F8E9DC /* DatabaseManagerExt.swift in Sources */,
				79D4586B2E387B8500920D5E /* PixivPostGridView.swift in Sources */,
				79F5022E2E2A918B005C682D /* PixivContentView.swift in Sources */,
				797E4A172E118DF700C3A3A7 /* FullScreenImageView.swift in Sources */,
				79AB58222E1FFD990038384E /* VideoPlayerManager.swift in Sources */,
				79F502302E2A9F38005C682D /* TwitterFullScreenImageView.swift in Sources */,
				79A811AA2E2D30790002D8C9 /* TwitterDatabaseManager.swift in Sources */,
				79D4586D2E38812700920D5E /* PixivPostGridItemView.swift in Sources */,
				79B3E8A92E10EEE600567F1D /* KemonoDatabaseManager.swift in Sources */,
				794890502E27F10D00AA96A1 /* PostTextContentView.swift in Sources */,
				7973DC192E14451200ECD58D /* PostGridView.swift in Sources */,
				79F502292E2A4E99005C682D /* TwitterArtistListView.swift in Sources */,
				79BC81852E366C89006AECEE /* AniImageControlView.swift in Sources */,
				7948904E2E279C4100AA96A1 /* LoadingDataView.swift in Sources */,
				7950F0BC2E20A5AD00B57A95 /* SlideShowManager.swift in Sources */,
				7986A10C2E105E1C0008D9EE /* ContentView.swift in Sources */,
				797E4A132E11634700C3A3A7 /* PostImageView.swift in Sources */,
				798575692E1EA0D2009B0CDA /* GifImageView.swift in Sources */,
				7986A10D2E105E1C0008D9EE /* KemonoViewerApp.swift in Sources */,
				7928378E2E28BFD90093E179 /* PostCommentView.swift in Sources */,
				79B1AED82E3A181600620876 /* PixivTextContentView.swift in Sources */,
				7986A1362E105EE40008D9EE /* KContentSelectView.swift in Sources */,
				79002C0F2E372C4100ACC3BD /* AniImagePlayerView.swift in Sources */,
				792837922E2923D40093E179 /* CustomPlayerView.swift in Sources */,
				79E513C62E2E8CFB00A550DC /* QueryConfig.swift in Sources */,
				792D1F912E2B4B4300E763E8 /* KemonoImagePointer.swift in Sources */,
				79D81EDE2E3B18D1002EFDE2 /* CommentViewModel.swift in Sources */,
				79F689702E34E0360045370B /* PixivImagePointer.swift in Sources */,
				79003D102E30D29A00BC4BE3 /* PixivArtistListView.swift in Sources */,
				79F6896E2E34DFE60045370B /* PixivFullScreenImageView.swift in Sources */,
				797E4A152E11649200C3A3A7 /* PostGridItemView.swift in Sources */,
				79D81EE22E3B625F002EFDE2 /* PixivEmojiTextView.swift in Sources */,
				79D81EE02E3B3FA6002EFDE2 /* PixivCommentView.swift in Sources */,
				79CB7BD72E124A9300FA7B77 /* Util.swift in Sources */,
				79F5022B2E2A757F005C682D /* TweetImageView.swift in Sources */,
				793F7AA22E2534AD00B74A77 /* RenamerView.swift in Sources */,
				7948904C2E27254900AA96A1 /* ArtistGridItemView.swift in Sources */,
				79003D122E30D5B300BC4BE3 /* PixivDatabaseManager.swift in Sources */,
				79A811A02E2CD8020002D8C9 /* TweetTextContentView.swift in Sources */,
				797E49E22E1125D600C3A3A7 /* PostListView.swift in Sources */,
				792D1F932E2B509A00E763E8 /* StatusMessageManager.swift in Sources */,
				79DE3AAB2E268D670018412B /* KemonoArtistRichListView.swift in Sources */,
				7959EE362E11104600ACF809 /* KemonoArtistListView.swift in Sources */,
				79E2E4CD2E332B2D00D2F375 /* PixivPostImageGridItemView.swift in Sources */,
				79FB9BD32E328CF70076C74A /* PixivPostListView.swift in Sources */,
				7950F0BE2E20A68B00B57A95 /* ContextMenuView.swift in Sources */,
				79A627B32E1567D9001F0212 /* PostImageGridItemView.swift in Sources */,
				798F07E72E2F3CEB008434CB /* ScrollToTopBottomButton.swift in Sources */,
				79F502272E2A1DA6005C682D /* TwitterContentView.swift in Sources */,
				79E04C852E167470002932DF /* ResizableView.swift in Sources */,
				79FB9BCF2E3261290076C74A /* PixivRichListView.swift in Sources */,
			);
			runOnlyForDeploymentPostprocessing = 0;
		};
		7986A0C92E105BBC0008D9EE /* Sources */ = {
			isa = PBXSourcesBuildPhase;
			buildActionMask = 2147483647;
			files = (
			);
			runOnlyForDeploymentPostprocessing = 0;
		};
		7986A0D32E105BBC0008D9EE /* Sources */ = {
			isa = PBXSourcesBuildPhase;
			buildActionMask = 2147483647;
			files = (
			);
			runOnlyForDeploymentPostprocessing = 0;
		};
/* End PBXSourcesBuildPhase section */

/* Begin PBXTargetDependency section */
		7986A0CF2E105BBC0008D9EE /* PBXTargetDependency */ = {
			isa = PBXTargetDependency;
			target = 7986A0BE2E105BBB0008D9EE /* KemonoViewer */;
			targetProxy = 7986A0CE2E105BBC0008D9EE /* PBXContainerItemProxy */;
		};
		7986A0D92E105BBC0008D9EE /* PBXTargetDependency */ = {
			isa = PBXTargetDependency;
			target = 7986A0BE2E105BBB0008D9EE /* KemonoViewer */;
			targetProxy = 7986A0D82E105BBC0008D9EE /* PBXContainerItemProxy */;
		};
/* End PBXTargetDependency section */

/* Begin XCBuildConfiguration section */
		7986A0DF2E105BBC0008D9EE /* Debug */ = {
			isa = XCBuildConfiguration;
			buildSettings = {
				ALWAYS_SEARCH_USER_PATHS = NO;
				ASSETCATALOG_COMPILER_GENERATE_SWIFT_ASSET_SYMBOL_EXTENSIONS = YES;
				CLANG_ANALYZER_NONNULL = YES;
				CLANG_ANALYZER_NUMBER_OBJECT_CONVERSION = YES_AGGRESSIVE;
				CLANG_CXX_LANGUAGE_STANDARD = "gnu++20";
				CLANG_ENABLE_MODULES = YES;
				CLANG_ENABLE_OBJC_ARC = YES;
				CLANG_ENABLE_OBJC_WEAK = YES;
				CLANG_WARN_BLOCK_CAPTURE_AUTORELEASING = YES;
				CLANG_WARN_BOOL_CONVERSION = YES;
				CLANG_WARN_COMMA = YES;
				CLANG_WARN_CONSTANT_CONVERSION = YES;
				CLANG_WARN_DEPRECATED_OBJC_IMPLEMENTATIONS = YES;
				CLANG_WARN_DIRECT_OBJC_ISA_USAGE = YES_ERROR;
				CLANG_WARN_DOCUMENTATION_COMMENTS = YES;
				CLANG_WARN_EMPTY_BODY = YES;
				CLANG_WARN_ENUM_CONVERSION = YES;
				CLANG_WARN_INFINITE_RECURSION = YES;
				CLANG_WARN_INT_CONVERSION = YES;
				CLANG_WARN_NON_LITERAL_NULL_CONVERSION = YES;
				CLANG_WARN_OBJC_IMPLICIT_RETAIN_SELF = YES;
				CLANG_WARN_OBJC_LITERAL_CONVERSION = YES;
				CLANG_WARN_OBJC_ROOT_CLASS = YES_ERROR;
				CLANG_WARN_QUOTED_INCLUDE_IN_FRAMEWORK_HEADER = YES;
				CLANG_WARN_RANGE_LOOP_ANALYSIS = YES;
				CLANG_WARN_STRICT_PROTOTYPES = YES;
				CLANG_WARN_SUSPICIOUS_MOVE = YES;
				CLANG_WARN_UNGUARDED_AVAILABILITY = YES_AGGRESSIVE;
				CLANG_WARN_UNREACHABLE_CODE = YES;
				CLANG_WARN__DUPLICATE_METHOD_MATCH = YES;
				COPY_PHASE_STRIP = NO;
				DEBUG_INFORMATION_FORMAT = dwarf;
				ENABLE_STRICT_OBJC_MSGSEND = YES;
				ENABLE_TESTABILITY = YES;
				ENABLE_USER_SCRIPT_SANDBOXING = YES;
				GCC_C_LANGUAGE_STANDARD = gnu17;
				GCC_DYNAMIC_NO_PIC = NO;
				GCC_NO_COMMON_BLOCKS = YES;
				GCC_OPTIMIZATION_LEVEL = 0;
				GCC_PREPROCESSOR_DEFINITIONS = (
					"DEBUG=1",
					"$(inherited)",
				);
				GCC_WARN_64_TO_32_BIT_CONVERSION = YES;
				GCC_WARN_ABOUT_RETURN_TYPE = YES_ERROR;
				GCC_WARN_UNDECLARED_SELECTOR = YES;
				GCC_WARN_UNINITIALIZED_AUTOS = YES_AGGRESSIVE;
				GCC_WARN_UNUSED_FUNCTION = YES;
				GCC_WARN_UNUSED_VARIABLE = YES;
				LOCALIZATION_PREFERS_STRING_CATALOGS = YES;
				MACOSX_DEPLOYMENT_TARGET = 15.5;
				MTL_ENABLE_DEBUG_INFO = INCLUDE_SOURCE;
				MTL_FAST_MATH = YES;
				ONLY_ACTIVE_ARCH = YES;
				SDKROOT = macosx;
				SWIFT_ACTIVE_COMPILATION_CONDITIONS = "DEBUG $(inherited)";
				SWIFT_OPTIMIZATION_LEVEL = "-Onone";
			};
			name = Debug;
		};
		7986A0E02E105BBC0008D9EE /* Release */ = {
			isa = XCBuildConfiguration;
			buildSettings = {
				ALWAYS_SEARCH_USER_PATHS = NO;
				ASSETCATALOG_COMPILER_GENERATE_SWIFT_ASSET_SYMBOL_EXTENSIONS = YES;
				CLANG_ANALYZER_NONNULL = YES;
				CLANG_ANALYZER_NUMBER_OBJECT_CONVERSION = YES_AGGRESSIVE;
				CLANG_CXX_LANGUAGE_STANDARD = "gnu++20";
				CLANG_ENABLE_MODULES = YES;
				CLANG_ENABLE_OBJC_ARC = YES;
				CLANG_ENABLE_OBJC_WEAK = YES;
				CLANG_WARN_BLOCK_CAPTURE_AUTORELEASING = YES;
				CLANG_WARN_BOOL_CONVERSION = YES;
				CLANG_WARN_COMMA = YES;
				CLANG_WARN_CONSTANT_CONVERSION = YES;
				CLANG_WARN_DEPRECATED_OBJC_IMPLEMENTATIONS = YES;
				CLANG_WARN_DIRECT_OBJC_ISA_USAGE = YES_ERROR;
				CLANG_WARN_DOCUMENTATION_COMMENTS = YES;
				CLANG_WARN_EMPTY_BODY = YES;
				CLANG_WARN_ENUM_CONVERSION = YES;
				CLANG_WARN_INFINITE_RECURSION = YES;
				CLANG_WARN_INT_CONVERSION = YES;
				CLANG_WARN_NON_LITERAL_NULL_CONVERSION = YES;
				CLANG_WARN_OBJC_IMPLICIT_RETAIN_SELF = YES;
				CLANG_WARN_OBJC_LITERAL_CONVERSION = YES;
				CLANG_WARN_OBJC_ROOT_CLASS = YES_ERROR;
				CLANG_WARN_QUOTED_INCLUDE_IN_FRAMEWORK_HEADER = YES;
				CLANG_WARN_RANGE_LOOP_ANALYSIS = YES;
				CLANG_WARN_STRICT_PROTOTYPES = YES;
				CLANG_WARN_SUSPICIOUS_MOVE = YES;
				CLANG_WARN_UNGUARDED_AVAILABILITY = YES_AGGRESSIVE;
				CLANG_WARN_UNREACHABLE_CODE = YES;
				CLANG_WARN__DUPLICATE_METHOD_MATCH = YES;
				COPY_PHASE_STRIP = NO;
				DEBUG_INFORMATION_FORMAT = "dwarf-with-dsym";
				ENABLE_NS_ASSERTIONS = NO;
				ENABLE_STRICT_OBJC_MSGSEND = YES;
				ENABLE_USER_SCRIPT_SANDBOXING = YES;
				GCC_C_LANGUAGE_STANDARD = gnu17;
				GCC_NO_COMMON_BLOCKS = YES;
				GCC_WARN_64_TO_32_BIT_CONVERSION = YES;
				GCC_WARN_ABOUT_RETURN_TYPE = YES_ERROR;
				GCC_WARN_UNDECLARED_SELECTOR = YES;
				GCC_WARN_UNINITIALIZED_AUTOS = YES_AGGRESSIVE;
				GCC_WARN_UNUSED_FUNCTION = YES;
				GCC_WARN_UNUSED_VARIABLE = YES;
				LOCALIZATION_PREFERS_STRING_CATALOGS = YES;
				MACOSX_DEPLOYMENT_TARGET = 15.5;
				MTL_ENABLE_DEBUG_INFO = NO;
				MTL_FAST_MATH = YES;
				SDKROOT = macosx;
				SWIFT_COMPILATION_MODE = wholemodule;
			};
			name = Release;
		};
		7986A0E22E105BBC0008D9EE /* Debug */ = {
			isa = XCBuildConfiguration;
			buildSettings = {
				ASSETCATALOG_COMPILER_APPICON_NAME = AppIcon;
				ASSETCATALOG_COMPILER_GLOBAL_ACCENT_COLOR_NAME = AccentColor;
				CODE_SIGN_ENTITLEMENTS = KemonoViewer/KemonoViewer.entitlements;
				CODE_SIGN_STYLE = Automatic;
				COMBINE_HIDPI_IMAGES = YES;
				CURRENT_PROJECT_VERSION = 1;
				ENABLE_PREVIEWS = YES;
				GENERATE_INFOPLIST_FILE = YES;
				INFOPLIST_KEY_NSHumanReadableCopyright = "";
				LD_RUNPATH_SEARCH_PATHS = (
					"$(inherited)",
					"@executable_path/../Frameworks",
				);
				MARKETING_VERSION = 1.0;
				PRODUCT_BUNDLE_IDENTIFIER = com.the1000thsummer.KemonoViewer;
				PRODUCT_NAME = "$(TARGET_NAME)";
				REGISTER_APP_GROUPS = YES;
				SWIFT_EMIT_LOC_STRINGS = YES;
				SWIFT_VERSION = 5.0;
			};
			name = Debug;
		};
		7986A0E32E105BBC0008D9EE /* Release */ = {
			isa = XCBuildConfiguration;
			buildSettings = {
				ASSETCATALOG_COMPILER_APPICON_NAME = AppIcon;
				ASSETCATALOG_COMPILER_GLOBAL_ACCENT_COLOR_NAME = AccentColor;
				CODE_SIGN_ENTITLEMENTS = KemonoViewer/KemonoViewer.entitlements;
				CODE_SIGN_STYLE = Automatic;
				COMBINE_HIDPI_IMAGES = YES;
				CURRENT_PROJECT_VERSION = 1;
				ENABLE_PREVIEWS = YES;
				GENERATE_INFOPLIST_FILE = YES;
				INFOPLIST_KEY_NSHumanReadableCopyright = "";
				LD_RUNPATH_SEARCH_PATHS = (
					"$(inherited)",
					"@executable_path/../Frameworks",
				);
				MARKETING_VERSION = 1.0;
				PRODUCT_BUNDLE_IDENTIFIER = com.the1000thsummer.KemonoViewer;
				PRODUCT_NAME = "$(TARGET_NAME)";
				REGISTER_APP_GROUPS = YES;
				SWIFT_EMIT_LOC_STRINGS = YES;
				SWIFT_VERSION = 5.0;
			};
			name = Release;
		};
		7986A0E52E105BBC0008D9EE /* Debug */ = {
			isa = XCBuildConfiguration;
			buildSettings = {
				BUNDLE_LOADER = "$(TEST_HOST)";
				CODE_SIGN_STYLE = Automatic;
				CURRENT_PROJECT_VERSION = 1;
				GENERATE_INFOPLIST_FILE = YES;
				MACOSX_DEPLOYMENT_TARGET = 15.5;
				MARKETING_VERSION = 1.0;
				PRODUCT_BUNDLE_IDENTIFIER = com.the1000thsummer.KemonoViewerTests;
				PRODUCT_NAME = "$(TARGET_NAME)";
				SWIFT_EMIT_LOC_STRINGS = NO;
				SWIFT_VERSION = 5.0;
				TEST_HOST = "$(BUILT_PRODUCTS_DIR)/KemonoViewer.app/$(BUNDLE_EXECUTABLE_FOLDER_PATH)/KemonoViewer";
			};
			name = Debug;
		};
		7986A0E62E105BBC0008D9EE /* Release */ = {
			isa = XCBuildConfiguration;
			buildSettings = {
				BUNDLE_LOADER = "$(TEST_HOST)";
				CODE_SIGN_STYLE = Automatic;
				CURRENT_PROJECT_VERSION = 1;
				GENERATE_INFOPLIST_FILE = YES;
				MACOSX_DEPLOYMENT_TARGET = 15.5;
				MARKETING_VERSION = 1.0;
				PRODUCT_BUNDLE_IDENTIFIER = com.the1000thsummer.KemonoViewerTests;
				PRODUCT_NAME = "$(TARGET_NAME)";
				SWIFT_EMIT_LOC_STRINGS = NO;
				SWIFT_VERSION = 5.0;
				TEST_HOST = "$(BUILT_PRODUCTS_DIR)/KemonoViewer.app/$(BUNDLE_EXECUTABLE_FOLDER_PATH)/KemonoViewer";
			};
			name = Release;
		};
		7986A0E82E105BBC0008D9EE /* Debug */ = {
			isa = XCBuildConfiguration;
			buildSettings = {
				CODE_SIGN_STYLE = Automatic;
				CURRENT_PROJECT_VERSION = 1;
				GENERATE_INFOPLIST_FILE = YES;
				MARKETING_VERSION = 1.0;
				PRODUCT_BUNDLE_IDENTIFIER = com.the1000thsummer.KemonoViewerUITests;
				PRODUCT_NAME = "$(TARGET_NAME)";
				SWIFT_EMIT_LOC_STRINGS = NO;
				SWIFT_VERSION = 5.0;
				TEST_TARGET_NAME = KemonoViewer;
			};
			name = Debug;
		};
		7986A0E92E105BBC0008D9EE /* Release */ = {
			isa = XCBuildConfiguration;
			buildSettings = {
				CODE_SIGN_STYLE = Automatic;
				CURRENT_PROJECT_VERSION = 1;
				GENERATE_INFOPLIST_FILE = YES;
				MARKETING_VERSION = 1.0;
				PRODUCT_BUNDLE_IDENTIFIER = com.the1000thsummer.KemonoViewerUITests;
				PRODUCT_NAME = "$(TARGET_NAME)";
				SWIFT_EMIT_LOC_STRINGS = NO;
				SWIFT_VERSION = 5.0;
				TEST_TARGET_NAME = KemonoViewer;
			};
			name = Release;
		};
/* End XCBuildConfiguration section */

/* Begin XCConfigurationList section */
		7986A0BA2E105BBB0008D9EE /* Build configuration list for PBXProject "KemonoViewer" */ = {
			isa = XCConfigurationList;
			buildConfigurations = (
				7986A0DF2E105BBC0008D9EE /* Debug */,
				7986A0E02E105BBC0008D9EE /* Release */,
			);
			defaultConfigurationIsVisible = 0;
			defaultConfigurationName = Release;
		};
		7986A0E12E105BBC0008D9EE /* Build configuration list for PBXNativeTarget "KemonoViewer" */ = {
			isa = XCConfigurationList;
			buildConfigurations = (
				7986A0E22E105BBC0008D9EE /* Debug */,
				7986A0E32E105BBC0008D9EE /* Release */,
			);
			defaultConfigurationIsVisible = 0;
			defaultConfigurationName = Release;
		};
		7986A0E42E105BBC0008D9EE /* Build configuration list for PBXNativeTarget "KemonoViewerTests" */ = {
			isa = XCConfigurationList;
			buildConfigurations = (
				7986A0E52E105BBC0008D9EE /* Debug */,
				7986A0E62E105BBC0008D9EE /* Release */,
			);
			defaultConfigurationIsVisible = 0;
			defaultConfigurationName = Release;
		};
		7986A0E72E105BBC0008D9EE /* Build configuration list for PBXNativeTarget "KemonoViewerUITests" */ = {
			isa = XCConfigurationList;
			buildConfigurations = (
				7986A0E82E105BBC0008D9EE /* Debug */,
				7986A0E92E105BBC0008D9EE /* Release */,
			);
			defaultConfigurationIsVisible = 0;
			defaultConfigurationName = Release;
		};
/* End XCConfigurationList section */

/* Begin XCRemoteSwiftPackageReference section */
		79002C102E3737E300ACC3BD /* XCRemoteSwiftPackageReference "ZIPFoundation" */ = {
			isa = XCRemoteSwiftPackageReference;
			repositoryURL = "https://github.com/weichsel/ZIPFoundation.git";
			requirement = {
				kind = upToNextMajorVersion;
				minimumVersion = 0.9.19;
			};
		};
		7959EE292E10F43B00ACF809 /* XCRemoteSwiftPackageReference "SwiftyJSON" */ = {
			isa = XCRemoteSwiftPackageReference;
			repositoryURL = "https://github.com/SwiftyJSON/SwiftyJSON.git";
			requirement = {
				kind = upToNextMajorVersion;
				minimumVersion = 5.0.2;
			};
		};
		79A627AF2E15130B001F0212 /* XCRemoteSwiftPackageReference "Kingfisher" */ = {
			isa = XCRemoteSwiftPackageReference;
			repositoryURL = "https://github.com/onevcat/Kingfisher.git";
			requirement = {
				kind = upToNextMajorVersion;
				minimumVersion = 8.3.3;
			};
		};
		79B1AED92E3A6F2300620876 /* XCRemoteSwiftPackageReference "WrappingHStack" */ = {
			isa = XCRemoteSwiftPackageReference;
			repositoryURL = "https://github.com/dkk/WrappingHStack";
			requirement = {
				kind = upToNextMajorVersion;
				minimumVersion = 2.2.11;
			};
		};
		79B3E8B32E10F1F800567F1D /* XCRemoteSwiftPackageReference "SQLite.swift" */ = {
			isa = XCRemoteSwiftPackageReference;
			repositoryURL = "https://github.com/stephencelis/SQLite.swift.git";
			requirement = {
				kind = upToNextMajorVersion;
				minimumVersion = 0.15.4;
			};
		};
/* End XCRemoteSwiftPackageReference section */

/* Begin XCSwiftPackageProductDependency section */
		79002C112E3737E300ACC3BD /* ZIPFoundation */ = {
			isa = XCSwiftPackageProductDependency;
			package = 79002C102E3737E300ACC3BD /* XCRemoteSwiftPackageReference "ZIPFoundation" */;
			productName = ZIPFoundation;
		};
		7959EE2A2E10F43B00ACF809 /* SwiftyJSON */ = {
			isa = XCSwiftPackageProductDependency;
			package = 7959EE292E10F43B00ACF809 /* XCRemoteSwiftPackageReference "SwiftyJSON" */;
			productName = SwiftyJSON;
		};
		79A627B02E15130B001F0212 /* Kingfisher */ = {
			isa = XCSwiftPackageProductDependency;
			package = 79A627AF2E15130B001F0212 /* XCRemoteSwiftPackageReference "Kingfisher" */;
			productName = Kingfisher;
		};
		79B1AEDA2E3A6F2300620876 /* WrappingHStack */ = {
			isa = XCSwiftPackageProductDependency;
			package = 79B1AED92E3A6F2300620876 /* XCRemoteSwiftPackageReference "WrappingHStack" */;
			productName = WrappingHStack;
		};
		79B3E8B42E10F1F800567F1D /* SQLite */ = {
			isa = XCSwiftPackageProductDependency;
			package = 79B3E8B32E10F1F800567F1D /* XCRemoteSwiftPackageReference "SQLite.swift" */;
			productName = SQLite;
		};
/* End XCSwiftPackageProductDependency section */
	};
	rootObject = 7986A0B72E105BBB0008D9EE /* Project object */;
}
